#MicroXplorer Configuration settings - do not modify
Mcu.Family=STM32F4
ProjectManager.MainLocation=Core/Src
PA6.Mode=Full_Duplex_Master
USB_DEVICE.CLASS_NAME_FS=CDC
PC7.GPIOParameters=GPIO_Label
PH0-OSC_IN.Signal=RCC_OSC_IN
VP_SYS_VS_tim6.Mode=TIM6
USART2.IPParameters=VirtualMode
RCC.CortexFreq_Value=168000000
ProjectManager.KeepUserCode=true
Mcu.UserName=STM32F405RGTx
SPI1.VirtualType=VM_MASTER
NVIC.TIM6_DAC_IRQn=true\:0\:0\:false\:false\:true\:false\:false\:true
SH.GPXTI9.0=GPIO_EXTI9
RCC.PLLCLKFreq_Value=168000000
PC12.Signal=UART5_TX
PC10.Signal=USART3_TX
RCC.PLLQCLKFreq_Value=48000000
PC5.Locked=true
PC7.Locked=true
ProjectManager.functionlistsort=1-MX_GPIO_Init-GPIO-false-HAL-true,2-SystemClock_Config-RCC-false-HAL-false,3-MX_ADC3_Init-ADC3-false-HAL-true,4-MX_CAN1_Init-CAN1-false-HAL-true,5-MX_DAC_Init-DAC-false-HAL-true,6-MX_I2C1_SMBUS_Init-I2C1-false-HAL-true,7-MX_RTC_Init-RTC-false-HAL-true,8-MX_SPI1_Init-SPI1-false-HAL-true,9-MX_UART5_Init-UART5-false-HAL-true,10-MX_USART3_UART_Init-USART3-false-HAL-true,11-MX_USB_DEVICE_Init-USB_DEVICE-false-HAL-false,12-MX_USART2_UART_Init-USART2-false-HAL-true
PC0.GPIOParameters=GPIO_Label
PC0.GPIO_Label=PC0
PC6.GPIO_Label=PC6
VP_RTC_VS_RTC_Activate.Mode=RTC_Enabled
PC3.Locked=true
PA11.Mode=Device_Only
RCC.RTCFreq_Value=32000
PC9.Locked=true
PB0.GPIO_Label=Ext_Int0
USB_DEVICE.VirtualMode-CDC_FS=Cdc
VP_RTC_VS_RTC_Calendar.Signal=RTC_VS_RTC_Calendar
PC1.Locked=true
PB11.Signal=USART3_RX
PB13.Signal=USART3_CTS
ADC3.Channel-0\#ChannelRegularConversion=ADC_CHANNEL_0
PinOutPanel.RotationAngle=0
RCC.SYSCLKSource=RCC_SYSCLKSOURCE_PLLCLK
ProjectManager.StackSize=0x400
PB5.GPIOParameters=GPIO_Label
Mcu.IP4=I2C1
Mcu.IP5=NVIC
RCC.FCLKCortexFreq_Value=168000000
Mcu.IP2=DAC
NVIC.SVCall_IRQn=true\:0\:0\:false\:false\:false\:false\:false\:false
Mcu.IP3=FREERTOS
Mcu.IP0=ADC3
Mcu.IP1=CAN1
PA12.Signal=USB_OTG_FS_DP
Mcu.UserConstants=
PC1.GPIOParameters=GPIO_Label
Mcu.ThirdPartyNb=0
SPI1.Direction=SPI_DIRECTION_2LINES
RCC.HCLKFreq_Value=168000000
Mcu.IPNb=15
RCC.I2SClocksFreq_Value=192000000
ProjectManager.PreviousToolchain=STM32CubeIDE
RCC.APB2TimFreq_Value=168000000
PB6.Signal=I2C1_SCL
RCC.VcooutputI2S=192000000
PC7.Signal=GPIO_Output
PB6.Mode=SMBus-two-wire-Interface
SPI1.CalculateBaudRate=42.0 MBits/s
PC3.Signal=GPIO_Input
Mcu.Pin6=PA0-WKUP
Mcu.Pin7=PA1
Mcu.Pin8=PA2
Mcu.Pin9=PA3
FREERTOS.IPParameters=Tasks01,FootprintOK
RCC.AHBFreq_Value=168000000
PH0-OSC_IN.Mode=HSE-External-Oscillator
Mcu.Pin0=PH0-OSC_IN
Mcu.Pin1=PH1-OSC_OUT
GPIO.groupedBy=
Mcu.Pin2=PC0
Mcu.Pin3=PC1
Mcu.Pin4=PC2
Mcu.Pin5=PC3
ProjectManager.ProjectBuild=false
RCC.HSE_VALUE=16000000
NVIC.UsageFault_IRQn=true\:0\:0\:false\:false\:true\:false\:false\:false
NVIC.DebugMonitor_IRQn=true\:0\:0\:false\:false\:true\:false\:false\:false
PB3.Mode=Trace_Asynchronous_SW
Mcu.IP10=UART5
NVIC.SysTick_IRQn=true\:15\:0\:false\:false\:false\:true\:false\:true
Mcu.IP12=USART3
Mcu.IP11=USART2
ProjectManager.FirmwarePackage=STM32Cube FW_F4 V1.26.1
MxDb.Version=DB.6.0.21
PB0.GPIOParameters=GPIO_Label
Mcu.IP14=USB_OTG_FS
Mcu.IP13=USB_DEVICE
ProjectManager.BackupPrevious=false
RCC.VCOInputFreq_Value=2000000
PC4.GPIO_Label=SPI1_CS
PA14.Mode=Trace_Asynchronous_SW
PB14.Mode=CTS_RTS
SH.ADCx_IN1.ConfNb=1
PB1.GPIO_Label=uC_BLE_RST
PC11.GPIO_Label=ESP_EN_CTRL
File.Version=6
ADC3.IPParameters=Rank-0\#ChannelRegularConversion,Channel-0\#ChannelRegularConversion,SamplingTime-0\#ChannelRegularConversion,NbrOfConversionFlag
PB7.Signal=I2C1_SDA
SH.ADCx_IN0.0=ADC3_IN0,IN0
NVIC.PendSV_IRQn=true\:15\:0\:false\:false\:false\:true\:false\:false
VP_FREERTOS_VS_CMSIS_V1.Mode=CMSIS_V1
ProjectManager.HalAssertFull=false
PB0.Locked=true
ProjectManager.ProjectName=STM32F405RGTx_CubeMX_Conf
PH1-OSC_OUT.Mode=HSE-External-Oscillator
RCC.MCO2PinFreq_Value=168000000
PC8.GPIOParameters=GPIO_Label
Mcu.Package=LQFP64
PB9.Signal=CAN1_TX
PB1.Signal=GPIO_Output
PA6.Signal=SPI1_MISO
NVIC.TimeBase=TIM6_DAC_IRQn
USART2.VirtualMode=VM_ASYNC
SH.COMP_DAC1_group.ConfNb=1
NVIC.OTG_FS_IRQn=true\:5\:0\:false\:false\:true\:true\:false\:true
ProjectManager.ToolChainLocation=
RCC.LSI_VALUE=32000
SH.GPXTI0.0=GPIO_EXTI0
ADC3.Rank-0\#ChannelRegularConversion=1
NVIC.TimeBaseIP=TIM6
USART3.IPParameters=VirtualMode
VP_RTC_VS_RTC_Calendar.Mode=RTC_Calendar
FREERTOS.FootprintOK=true
USB_OTG_FS.VirtualMode=Device_Only
UART5.IPParameters=VirtualMode
VP_USB_DEVICE_VS_USB_DEVICE_CDC_FS.Signal=USB_DEVICE_VS_USB_DEVICE_CDC_FS
RCC.APB2CLKDivider=RCC_HCLK_DIV2
SH.ADCx_IN1.0=ADC3_IN1,IN1
PB5.GPIO_Label=Status LED
RCC.APB1TimFreq_Value=84000000
NVIC.BusFault_IRQn=true\:0\:0\:false\:false\:true\:false\:false\:false
PC4.Locked=true
PC5.Signal=GPIO_Output
USB_OTG_FS.IPParameters=VirtualMode
PB13.Mode=CTS_RTS
PB10.GPIOParameters=GPIO_Label
CAN1.CalculateTimeBit=1142.85
PC2.GPIO_Label=PC2
ProjectManager.CustomerFirmwarePackage=
PC4.GPIOParameters=GPIO_Label
PA3.Signal=USART2_RX
CAN1.CalculateTimeQuantum=380.95238095238096
PA5.Mode=Full_Duplex_Master
VP_RTC_VS_RTC_Activate.Signal=RTC_VS_RTC_Activate
SH.COMP_DAC1_group.0=DAC_OUT1,DAC_OUT1
ProjectManager.ProjectFileName=STM32F405RGTx_CubeMX_Conf.ioc
FREERTOS.Tasks01=StatusBlinkerTa,0,128,StatusBlinkerTask_Init,Default,NULL,Dynamic,NULL,NULL
PA7.Mode=Full_Duplex_Master
Mcu.PinsNb=45
PC9.GPIO_Label=Ext_Int9
ProjectManager.NoMain=false
PC11.Locked=true
SPI1.IPParameters=VirtualType,Mode,Direction,CalculateBaudRate
USB_DEVICE.VirtualModeFS=Cdc_FS
NVIC.SavedSvcallIrqHandlerGenerated=true
PC11.Signal=GPIO_Output
CAN1.IPParameters=CalculateTimeQuantum,CalculateTimeBit,CalculateBaudRate
CAN1.CalculateBaudRate=875000
PC8.Signal=GPIO_Output
PC2.Signal=GPIO_Input
PC4.Signal=GPIO_Output
PC6.Signal=GPIO_Output
PC10.Mode=Asynchronous
SH.GPXTI0.ConfNb=1
ProjectManager.DefaultFWLocation=true
ProjectManager.DeletePrevious=true
UART5.VirtualMode=Asynchronous
PC0.Signal=GPIO_Input
RCC.APB1CLKDivider=RCC_HCLK_DIV4
PB10.Locked=true
PC11.GPIOParameters=GPIO_Label
USB_DEVICE.IPParameters=VirtualMode-CDC_FS,VirtualModeFS,CLASS_NAME_FS
RCC.FamilyName=M
PA0-WKUP.Signal=ADCx_IN0
PC3.GPIOParameters=GPIO_Label
PC8.GPIO_Label=PC8
PA3.Mode=Asynchronous
PA13.Signal=SYS_JTMS-SWDIO
VP_FREERTOS_VS_CMSIS_V1.Signal=FREERTOS_VS_CMSIS_V1
ADC3.SamplingTime-0\#ChannelRegularConversion=ADC_SAMPLETIME_3CYCLES
PB11.Mode=Asynchronous
ProjectManager.TargetToolchain=STM32CubeIDE
PB10.GPIO_Label=uC_BLE_IO0
VP_USB_DEVICE_VS_USB_DEVICE_CDC_FS.Mode=CDC_FS
PC5.GPIOParameters=GPIO_Label
PC6.Locked=true
PB9.Mode=CAN_Activate
PB5.Locked=true
PC2.Locked=true
ProjectManager.RegisterCallBack=
RCC.LSE_VALUE=32768
PA1.Signal=ADCx_IN1
PB1.Locked=true
PB10.Signal=GPIO_Output
RCC.VCOI2SOutputFreq_Value=384000000
PB14.Signal=USART3_RTS
PD2.Mode=Asynchronous
PA5.Signal=SPI1_SCK
Mcu.Pin40=VP_FREERTOS_VS_CMSIS_V1
Mcu.Pin41=VP_RTC_VS_RTC_Activate
PC12.Mode=Asynchronous
Mcu.Pin44=VP_USB_DEVICE_VS_USB_DEVICE_CDC_FS
Mcu.Pin42=VP_RTC_VS_RTC_Calendar
board=custom
Mcu.Pin43=VP_SYS_VS_tim6
RCC.VCOOutputFreq_Value=336000000
ProjectManager.LastFirmware=true
VP_SYS_VS_tim6.Signal=SYS_VS_tim6
NVIC.SavedSystickIrqHandlerGenerated=true
RCC.APB2Freq_Value=84000000
MxCube.Version=6.2.1
Mcu.Pin37=PB7
Mcu.Pin38=PB8
Mcu.Pin35=PB5
Mcu.Pin36=PB6
SPI1.Mode=SPI_MODE_MASTER
SH.ADCx_IN0.ConfNb=1
Mcu.Pin39=PB9
PC2.GPIOParameters=GPIO_Label
Mcu.Pin30=PC10
PC1.GPIO_Label=PC1
RCC.EthernetFreq_Value=168000000
Mcu.Pin33=PD2
Mcu.Pin34=PB3
PH1-OSC_OUT.Signal=RCC_OSC_OUT
Mcu.Pin31=PC11
Mcu.Pin32=PC12
NVIC.NonMaskableInt_IRQn=true\:0\:0\:false\:false\:true\:false\:false\:false
PA13.Mode=Trace_Asynchronous_SW
ProjectManager.FreePins=false
RCC.IPParameters=48MHZClocksFreq_Value,AHBFreq_Value,APB1CLKDivider,APB1Freq_Value,APB1TimFreq_Value,APB2CLKDivider,APB2Freq_Value,APB2TimFreq_Value,CortexFreq_Value,EthernetFreq_Value,FCLKCortexFreq_Value,FamilyName,HCLKFreq_Value,HSE_VALUE,HSI_VALUE,I2SClocksFreq_Value,LSE_VALUE,LSI_VALUE,MCO2PinFreq_Value,PLLCLKFreq_Value,PLLM,PLLN,PLLQ,PLLQCLKFreq_Value,RTCFreq_Value,RTCHSEDivFreq_Value,SYSCLKFreq_VALUE,SYSCLKSource,VCOI2SOutputFreq_Value,VCOInputFreq_Value,VCOOutputFreq_Value,VcooutputI2S
PC9.GPIOParameters=GPIO_Label
ProjectManager.AskForMigrate=true
Mcu.Name=STM32F405RGTx
Mcu.Pin26=PA11
Mcu.Pin27=PA12
NVIC.SavedPendsvIrqHandlerGenerated=true
RCC.RTCHSEDivFreq_Value=8000000
PA2.Signal=USART2_TX
Mcu.Pin24=PC8
ProjectManager.UnderRoot=true
Mcu.Pin25=PC9
Mcu.IP8=SPI1
Mcu.IP9=SYS
PC7.GPIO_Label=PC7
Mcu.Pin28=PA13
Mcu.IP6=RCC
Mcu.Pin29=PA14
Mcu.IP7=RTC
ProjectManager.CoupleFile=false
RCC.48MHZClocksFreq_Value=48000000
PB3.Signal=SYS_JTDO-SWO
PA4.Signal=COMP_DAC1_group
RCC.SYSCLKFreq_VALUE=168000000
PB5.Signal=GPIO_Output
Mcu.Pin22=PC6
Mcu.Pin23=PC7
Mcu.Pin20=PB13
Mcu.Pin21=PB14
PA12.Mode=Device_Only
NVIC.ForceEnableDMAVector=true
KeepUserPlacement=false
PC5.GPIO_Label=PC5
USART3.VirtualMode=VM_ASYNC
NVIC.MemoryManagement_IRQn=true\:0\:0\:false\:false\:true\:false\:false\:false
ProjectManager.CompilerOptimize=6
PA11.Signal=USB_OTG_FS_DM
PB7.Mode=SMBus-two-wire-Interface
SH.GPXTI9.ConfNb=1
PA14.Signal=SYS_JTCK-SWCLK
ProjectManager.HeapSize=0x200
Mcu.Pin15=PC5
NVIC.HardFault_IRQn=true\:0\:0\:false\:false\:true\:false\:false\:false
Mcu.Pin16=PB0
Mcu.Pin13=PA7
Mcu.Pin14=PC4
PC6.GPIOParameters=GPIO_Label
Mcu.Pin19=PB11
ProjectManager.ComputerToolchain=false
Mcu.Pin17=PB1
RCC.HSI_VALUE=16000000
Mcu.Pin18=PB10
RCC.PLLQ=7
NVIC.PriorityGroup=NVIC_PRIORITYGROUP_4
Mcu.Pin11=PA5
Mcu.Pin12=PA6
RCC.PLLM=8
PB8.Mode=CAN_Activate
RCC.PLLN=168
Mcu.Pin10=PA4
PA2.Mode=Asynchronous
PB8.Signal=CAN1_RX
PC3.GPIO_Label=PC3
PC8.Locked=true
PC9.Signal=GPXTI9
PD2.Signal=UART5_RX
RCC.APB1Freq_Value=42000000
ADC3.NbrOfConversionFlag=1
PB0.Signal=GPXTI0
PC0.Locked=true
ProjectManager.DeviceId=STM32F405RGTx
PC1.Signal=GPIO_Input
ProjectManager.LibraryCopy=1
PB1.GPIOParameters=GPIO_Label
PA7.Signal=SPI1_MOSI
isbadioc=false
